
Microsoft Visual Studio Solution File, Format Version 12.00
# Visual Studio Version 17
VisualStudioVersion = 17.9.34616.47
MinimumVisualStudioVersion = 10.0.40219.1
Project("{2150E333-8FDC-42A3-9474-1A3956D46DE8}") = "Services", "Services", "{CE2BEB56-5D62-4FA7-93FC-59F7CFFF5F0D}"
EndProject
Project("{2150E333-8FDC-42A3-9474-1A3956D46DE8}") = "Catologo", "Catologo", "{A02D7159-1819-4A84-982C-EDA48EBB0D4E}"
EndProject
Project("{9A19103F-16F7-4668-BE54-9A1E7A4F7556}") = "Catalogo.Core", "Catalogo\Catalogo.Core\Catalogo.Core.csproj", "{BDA3070E-861A-439A-88FB-AD0E103E13C1}"
EndProject
Project("{9A19103F-16F7-4668-BE54-9A1E7A4F7556}") = "Catalogo.Application", "Catalogo\Catalogo.Application\Catalogo.Application.csproj", "{8541D906-880E-44E2-91A7-247EA75581BC}"
EndProject
Project("{9A19103F-16F7-4668-BE54-9A1E7A4F7556}") = "Catalogo.Infrestructure", "Catalogo\Catalogo.Infrestructure\Catalogo.Infrestructure.csproj", "{D5953972-BF1A-4A09-84C6-F341DC7473D8}"
EndProject
Project("{9A19103F-16F7-4668-BE54-9A1E7A4F7556}") = "Catalogo.API", "Catalogo\Catalogo.API\Catalogo.API.csproj", "{EDB7F277-443E-4759-8C45-954BE47A629C}"
EndProject
Project("{E53339B2-1760-4266-BCC7-CA923CBCF16C}") = "docker-compose", "docker-compose.dcproj", "{D829EA78-F8F8-4D5D-8DD1-E2F8CA811202}"
EndProject
Project("{9A19103F-16F7-4668-BE54-9A1E7A4F7556}") = "Basket.Application", "Services\Basket\Basket.Application\Basket.Application.csproj", "{C0743CC5-AFC4-4F56-B094-17D759CCFDDE}"
EndProject
Project("{2150E333-8FDC-42A3-9474-1A3956D46DE8}") = "Basket", "Basket", "{0BC02D6A-4443-49AF-B2E0-5200B36375D4}"
EndProject
Project("{9A19103F-16F7-4668-BE54-9A1E7A4F7556}") = "Basket.Core", "Services\Basket\Basket.Core\Basket.Core.csproj", "{45BD999C-93ED-4403-8731-C80DC371E7D8}"
EndProject
Project("{9A19103F-16F7-4668-BE54-9A1E7A4F7556}") = "Basket.Infrastructure", "Services\Basket\Basket.Infrastructure\Basket.Infrastructure.csproj", "{E3C107D0-7A5B-4183-B08D-C25FEEFBDDA9}"
EndProject
Project("{9A19103F-16F7-4668-BE54-9A1E7A4F7556}") = "Basket.API", "Services\Basket\Basket.API\Basket.API.csproj", "{680F4368-21AE-452F-AE69-33338D32C3FE}"
EndProject
Project("{9A19103F-16F7-4668-BE54-9A1E7A4F7556}") = "Discount.Core", "Services\Discount\Discount.Core\Discount.Core.csproj", "{B25D642F-A091-4ED2-BFDD-0E7EC9AB017C}"
EndProject
Project("{2150E333-8FDC-42A3-9474-1A3956D46DE8}") = "Discount", "Discount", "{3CEECFAF-846E-4078-901D-DD1D60711836}"
EndProject
Project("{9A19103F-16F7-4668-BE54-9A1E7A4F7556}") = "Discount.API", "Services\Discount\Discount.API\Discount.API.csproj", "{B42522C1-CDE6-49E2-8D8A-75D594689EBB}"
EndProject
Project("{9A19103F-16F7-4668-BE54-9A1E7A4F7556}") = "Discount.Application", "Services\Discount\Discount.Application\Discount.Application.csproj", "{1319BF51-684C-460B-A9FE-0D83D9599199}"
EndProject
Project("{9A19103F-16F7-4668-BE54-9A1E7A4F7556}") = "Discount.Infrestructure", "Services\Discount\Discount.Infrestructure\Discount.Infrestructure.csproj", "{CC78F7CF-81C3-456D-ABE7-616A87808901}"
EndProject
Project("{9A19103F-16F7-4668-BE54-9A1E7A4F7556}") = "Ordering.API", "Services\Ordering\Ordering.API\Ordering.API.csproj", "{694C23F7-C5ED-4557-A0E8-6D9BFA812DD9}"
EndProject
Project("{2150E333-8FDC-42A3-9474-1A3956D46DE8}") = "Ordering", "Ordering", "{DD2CE5A2-E8DD-4E08-9155-D3DD900E4903}"
EndProject
Project("{9A19103F-16F7-4668-BE54-9A1E7A4F7556}") = "Ordering.Core", "Services\Ordering\Ordering.Core\Ordering.Core.csproj", "{1A127886-A128-48FC-8275-24A127DA25E8}"
EndProject
Project("{9A19103F-16F7-4668-BE54-9A1E7A4F7556}") = "Ordering.Application", "Services\Ordering\Ordering.Application\Ordering.Application.csproj", "{18545119-D254-4C5C-94B7-44E8C2371920}"
EndProject
Project("{9A19103F-16F7-4668-BE54-9A1E7A4F7556}") = "Ordering.Infrastructure", "Services\Ordering\Ordering.Infrastructure\Ordering.Infrastructure.csproj", "{A378E085-2462-4CFB-9DDD-144F3BB3DC38}"
EndProject
Project("{2150E333-8FDC-42A3-9474-1A3956D46DE8}") = "Infrastructure", "Infrastructure", "{F93BEAD1-B0C0-41FA-B2A7-37ED1C16CE14}"
EndProject
Project("{9A19103F-16F7-4668-BE54-9A1E7A4F7556}") = "EventBus.Messages", "Infrastructure\EventBus.Messages\EventBus.Messages.csproj", "{46E7BDC2-4889-4569-8F8C-2730F3E5E08D}"
EndProject
Project("{2150E333-8FDC-42A3-9474-1A3956D46DE8}") = "ApiGateways", "ApiGateways", "{FCA3B69F-DC45-45DA-ADC3-9DF97CFB53F4}"
EndProject
Project("{9A19103F-16F7-4668-BE54-9A1E7A4F7556}") = "Ocelot.ApiGateway", "ApiGateways\Ocelot.ApiGateway\Ocelot.ApiGateway.csproj", "{F410EBCD-102B-4A4C-910F-BD15C8F170BC}"
EndProject
Project("{9A19103F-16F7-4668-BE54-9A1E7A4F7556}") = "EShopping.Identity", "Infrastructure\EShopping.Identity\EShopping.Identity.csproj", "{3E106086-64FE-4027-BB7C-544C75948DDD}"
EndProject
Global
	GlobalSection(SolutionConfigurationPlatforms) = preSolution
		Debug|Any CPU = Debug|Any CPU
		Release|Any CPU = Release|Any CPU
	EndGlobalSection
	GlobalSection(ProjectConfigurationPlatforms) = postSolution
		{BDA3070E-861A-439A-88FB-AD0E103E13C1}.Debug|Any CPU.ActiveCfg = Debug|Any CPU
		{BDA3070E-861A-439A-88FB-AD0E103E13C1}.Debug|Any CPU.Build.0 = Debug|Any CPU
		{BDA3070E-861A-439A-88FB-AD0E103E13C1}.Release|Any CPU.ActiveCfg = Release|Any CPU
		{BDA3070E-861A-439A-88FB-AD0E103E13C1}.Release|Any CPU.Build.0 = Release|Any CPU
		{8541D906-880E-44E2-91A7-247EA75581BC}.Debug|Any CPU.ActiveCfg = Debug|Any CPU
		{8541D906-880E-44E2-91A7-247EA75581BC}.Debug|Any CPU.Build.0 = Debug|Any CPU
		{8541D906-880E-44E2-91A7-247EA75581BC}.Release|Any CPU.ActiveCfg = Release|Any CPU
		{8541D906-880E-44E2-91A7-247EA75581BC}.Release|Any CPU.Build.0 = Release|Any CPU
		{D5953972-BF1A-4A09-84C6-F341DC7473D8}.Debug|Any CPU.ActiveCfg = Debug|Any CPU
		{D5953972-BF1A-4A09-84C6-F341DC7473D8}.Debug|Any CPU.Build.0 = Debug|Any CPU
		{D5953972-BF1A-4A09-84C6-F341DC7473D8}.Release|Any CPU.ActiveCfg = Release|Any CPU
		{D5953972-BF1A-4A09-84C6-F341DC7473D8}.Release|Any CPU.Build.0 = Release|Any CPU
		{EDB7F277-443E-4759-8C45-954BE47A629C}.Debug|Any CPU.ActiveCfg = Debug|Any CPU
		{EDB7F277-443E-4759-8C45-954BE47A629C}.Debug|Any CPU.Build.0 = Debug|Any CPU
		{EDB7F277-443E-4759-8C45-954BE47A629C}.Release|Any CPU.ActiveCfg = Release|Any CPU
		{EDB7F277-443E-4759-8C45-954BE47A629C}.Release|Any CPU.Build.0 = Release|Any CPU
		{D829EA78-F8F8-4D5D-8DD1-E2F8CA811202}.Debug|Any CPU.ActiveCfg = Debug|Any CPU
		{D829EA78-F8F8-4D5D-8DD1-E2F8CA811202}.Debug|Any CPU.Build.0 = Debug|Any CPU
		{D829EA78-F8F8-4D5D-8DD1-E2F8CA811202}.Release|Any CPU.ActiveCfg = Release|Any CPU
		{D829EA78-F8F8-4D5D-8DD1-E2F8CA811202}.Release|Any CPU.Build.0 = Release|Any CPU
		{C0743CC5-AFC4-4F56-B094-17D759CCFDDE}.Debug|Any CPU.ActiveCfg = Debug|Any CPU
		{C0743CC5-AFC4-4F56-B094-17D759CCFDDE}.Debug|Any CPU.Build.0 = Debug|Any CPU
		{C0743CC5-AFC4-4F56-B094-17D759CCFDDE}.Release|Any CPU.ActiveCfg = Release|Any CPU
		{C0743CC5-AFC4-4F56-B094-17D759CCFDDE}.Release|Any CPU.Build.0 = Release|Any CPU
		{45BD999C-93ED-4403-8731-C80DC371E7D8}.Debug|Any CPU.ActiveCfg = Debug|Any CPU
		{45BD999C-93ED-4403-8731-C80DC371E7D8}.Debug|Any CPU.Build.0 = Debug|Any CPU
		{45BD999C-93ED-4403-8731-C80DC371E7D8}.Release|Any CPU.ActiveCfg = Release|Any CPU
		{45BD999C-93ED-4403-8731-C80DC371E7D8}.Release|Any CPU.Build.0 = Release|Any CPU
		{E3C107D0-7A5B-4183-B08D-C25FEEFBDDA9}.Debug|Any CPU.ActiveCfg = Debug|Any CPU
		{E3C107D0-7A5B-4183-B08D-C25FEEFBDDA9}.Debug|Any CPU.Build.0 = Debug|Any CPU
		{E3C107D0-7A5B-4183-B08D-C25FEEFBDDA9}.Release|Any CPU.ActiveCfg = Release|Any CPU
		{E3C107D0-7A5B-4183-B08D-C25FEEFBDDA9}.Release|Any CPU.Build.0 = Release|Any CPU
		{680F4368-21AE-452F-AE69-33338D32C3FE}.Debug|Any CPU.ActiveCfg = Debug|Any CPU
		{680F4368-21AE-452F-AE69-33338D32C3FE}.Debug|Any CPU.Build.0 = Debug|Any CPU
		{680F4368-21AE-452F-AE69-33338D32C3FE}.Release|Any CPU.ActiveCfg = Release|Any CPU
		{680F4368-21AE-452F-AE69-33338D32C3FE}.Release|Any CPU.Build.0 = Release|Any CPU
		{B25D642F-A091-4ED2-BFDD-0E7EC9AB017C}.Debug|Any CPU.ActiveCfg = Debug|Any CPU
		{B25D642F-A091-4ED2-BFDD-0E7EC9AB017C}.Debug|Any CPU.Build.0 = Debug|Any CPU
		{B25D642F-A091-4ED2-BFDD-0E7EC9AB017C}.Release|Any CPU.ActiveCfg = Release|Any CPU
		{B25D642F-A091-4ED2-BFDD-0E7EC9AB017C}.Release|Any CPU.Build.0 = Release|Any CPU
		{B42522C1-CDE6-49E2-8D8A-75D594689EBB}.Debug|Any CPU.ActiveCfg = Debug|Any CPU
		{B42522C1-CDE6-49E2-8D8A-75D594689EBB}.Debug|Any CPU.Build.0 = Debug|Any CPU
		{B42522C1-CDE6-49E2-8D8A-75D594689EBB}.Release|Any CPU.ActiveCfg = Release|Any CPU
		{B42522C1-CDE6-49E2-8D8A-75D594689EBB}.Release|Any CPU.Build.0 = Release|Any CPU
		{1319BF51-684C-460B-A9FE-0D83D9599199}.Debug|Any CPU.ActiveCfg = Debug|Any CPU
		{1319BF51-684C-460B-A9FE-0D83D9599199}.Debug|Any CPU.Build.0 = Debug|Any CPU
		{1319BF51-684C-460B-A9FE-0D83D9599199}.Release|Any CPU.ActiveCfg = Release|Any CPU
		{1319BF51-684C-460B-A9FE-0D83D9599199}.Release|Any CPU.Build.0 = Release|Any CPU
		{CC78F7CF-81C3-456D-ABE7-616A87808901}.Debug|Any CPU.ActiveCfg = Debug|Any CPU
		{CC78F7CF-81C3-456D-ABE7-616A87808901}.Debug|Any CPU.Build.0 = Debug|Any CPU
		{CC78F7CF-81C3-456D-ABE7-616A87808901}.Release|Any CPU.ActiveCfg = Release|Any CPU
		{CC78F7CF-81C3-456D-ABE7-616A87808901}.Release|Any CPU.Build.0 = Release|Any CPU
		{694C23F7-C5ED-4557-A0E8-6D9BFA812DD9}.Debug|Any CPU.ActiveCfg = Debug|Any CPU
		{694C23F7-C5ED-4557-A0E8-6D9BFA812DD9}.Debug|Any CPU.Build.0 = Debug|Any CPU
		{694C23F7-C5ED-4557-A0E8-6D9BFA812DD9}.Release|Any CPU.ActiveCfg = Release|Any CPU
		{694C23F7-C5ED-4557-A0E8-6D9BFA812DD9}.Release|Any CPU.Build.0 = Release|Any CPU
		{1A127886-A128-48FC-8275-24A127DA25E8}.Debug|Any CPU.ActiveCfg = Debug|Any CPU
		{1A127886-A128-48FC-8275-24A127DA25E8}.Debug|Any CPU.Build.0 = Debug|Any CPU
		{1A127886-A128-48FC-8275-24A127DA25E8}.Release|Any CPU.ActiveCfg = Release|Any CPU
		{1A127886-A128-48FC-8275-24A127DA25E8}.Release|Any CPU.Build.0 = Release|Any CPU
		{18545119-D254-4C5C-94B7-44E8C2371920}.Debug|Any CPU.ActiveCfg = Debug|Any CPU
		{18545119-D254-4C5C-94B7-44E8C2371920}.Debug|Any CPU.Build.0 = Debug|Any CPU
		{18545119-D254-4C5C-94B7-44E8C2371920}.Release|Any CPU.ActiveCfg = Release|Any CPU
		{18545119-D254-4C5C-94B7-44E8C2371920}.Release|Any CPU.Build.0 = Release|Any CPU
		{A378E085-2462-4CFB-9DDD-144F3BB3DC38}.Debug|Any CPU.ActiveCfg = Debug|Any CPU
		{A378E085-2462-4CFB-9DDD-144F3BB3DC38}.Debug|Any CPU.Build.0 = Debug|Any CPU
		{A378E085-2462-4CFB-9DDD-144F3BB3DC38}.Release|Any CPU.ActiveCfg = Release|Any CPU
		{A378E085-2462-4CFB-9DDD-144F3BB3DC38}.Release|Any CPU.Build.0 = Release|Any CPU
		{46E7BDC2-4889-4569-8F8C-2730F3E5E08D}.Debug|Any CPU.ActiveCfg = Debug|Any CPU
		{46E7BDC2-4889-4569-8F8C-2730F3E5E08D}.Debug|Any CPU.Build.0 = Debug|Any CPU
		{46E7BDC2-4889-4569-8F8C-2730F3E5E08D}.Release|Any CPU.ActiveCfg = Release|Any CPU
		{46E7BDC2-4889-4569-8F8C-2730F3E5E08D}.Release|Any CPU.Build.0 = Release|Any CPU
		{F410EBCD-102B-4A4C-910F-BD15C8F170BC}.Debug|Any CPU.ActiveCfg = Debug|Any CPU
		{F410EBCD-102B-4A4C-910F-BD15C8F170BC}.Debug|Any CPU.Build.0 = Debug|Any CPU
		{F410EBCD-102B-4A4C-910F-BD15C8F170BC}.Release|Any CPU.ActiveCfg = Release|Any CPU
		{F410EBCD-102B-4A4C-910F-BD15C8F170BC}.Release|Any CPU.Build.0 = Release|Any CPU
		{3E106086-64FE-4027-BB7C-544C75948DDD}.Debug|Any CPU.ActiveCfg = Debug|Any CPU
		{3E106086-64FE-4027-BB7C-544C75948DDD}.Debug|Any CPU.Build.0 = Debug|Any CPU
		{3E106086-64FE-4027-BB7C-544C75948DDD}.Release|Any CPU.ActiveCfg = Release|Any CPU
		{3E106086-64FE-4027-BB7C-544C75948DDD}.Release|Any CPU.Build.0 = Release|Any CPU
	EndGlobalSection
	GlobalSection(SolutionProperties) = preSolution
		HideSolutionNode = FALSE
	EndGlobalSection
	GlobalSection(NestedProjects) = preSolution
		{A02D7159-1819-4A84-982C-EDA48EBB0D4E} = {CE2BEB56-5D62-4FA7-93FC-59F7CFFF5F0D}
		{BDA3070E-861A-439A-88FB-AD0E103E13C1} = {A02D7159-1819-4A84-982C-EDA48EBB0D4E}
		{8541D906-880E-44E2-91A7-247EA75581BC} = {A02D7159-1819-4A84-982C-EDA48EBB0D4E}
		{D5953972-BF1A-4A09-84C6-F341DC7473D8} = {A02D7159-1819-4A84-982C-EDA48EBB0D4E}
		{EDB7F277-443E-4759-8C45-954BE47A629C} = {A02D7159-1819-4A84-982C-EDA48EBB0D4E}
		{C0743CC5-AFC4-4F56-B094-17D759CCFDDE} = {0BC02D6A-4443-49AF-B2E0-5200B36375D4}
		{0BC02D6A-4443-49AF-B2E0-5200B36375D4} = {CE2BEB56-5D62-4FA7-93FC-59F7CFFF5F0D}
		{45BD999C-93ED-4403-8731-C80DC371E7D8} = {0BC02D6A-4443-49AF-B2E0-5200B36375D4}
		{E3C107D0-7A5B-4183-B08D-C25FEEFBDDA9} = {0BC02D6A-4443-49AF-B2E0-5200B36375D4}
		{680F4368-21AE-452F-AE69-33338D32C3FE} = {0BC02D6A-4443-49AF-B2E0-5200B36375D4}
		{B25D642F-A091-4ED2-BFDD-0E7EC9AB017C} = {3CEECFAF-846E-4078-901D-DD1D60711836}
		{3CEECFAF-846E-4078-901D-DD1D60711836} = {CE2BEB56-5D62-4FA7-93FC-59F7CFFF5F0D}
		{B42522C1-CDE6-49E2-8D8A-75D594689EBB} = {3CEECFAF-846E-4078-901D-DD1D60711836}
		{1319BF51-684C-460B-A9FE-0D83D9599199} = {3CEECFAF-846E-4078-901D-DD1D60711836}
		{CC78F7CF-81C3-456D-ABE7-616A87808901} = {3CEECFAF-846E-4078-901D-DD1D60711836}
		{694C23F7-C5ED-4557-A0E8-6D9BFA812DD9} = {DD2CE5A2-E8DD-4E08-9155-D3DD900E4903}
		{DD2CE5A2-E8DD-4E08-9155-D3DD900E4903} = {CE2BEB56-5D62-4FA7-93FC-59F7CFFF5F0D}
		{1A127886-A128-48FC-8275-24A127DA25E8} = {DD2CE5A2-E8DD-4E08-9155-D3DD900E4903}
		{18545119-D254-4C5C-94B7-44E8C2371920} = {DD2CE5A2-E8DD-4E08-9155-D3DD900E4903}
		{A378E085-2462-4CFB-9DDD-144F3BB3DC38} = {DD2CE5A2-E8DD-4E08-9155-D3DD900E4903}
		{46E7BDC2-4889-4569-8F8C-2730F3E5E08D} = {F93BEAD1-B0C0-41FA-B2A7-37ED1C16CE14}
		{F410EBCD-102B-4A4C-910F-BD15C8F170BC} = {FCA3B69F-DC45-45DA-ADC3-9DF97CFB53F4}
		{3E106086-64FE-4027-BB7C-544C75948DDD} = {F93BEAD1-B0C0-41FA-B2A7-37ED1C16CE14}
	EndGlobalSection
	GlobalSection(ExtensibilityGlobals) = postSolution
		SolutionGuid = {967FD152-4766-40F5-8F38-717EF6C56BA6}
	EndGlobalSection
EndGlobal
